// !$*UTF8*$!
{
	archiveVersion = 1;
	classes = {
	};
	objectVersion = 39;
	objects = {
		080E96DCFE201CFB7F000001 = {
			fileRef = 29B97318FDCFA39411CA2CEA;
			isa = PBXBuildFile;
			settings = {
			};
		};
		080E96DDFE201D6D7F000001 = {
			children = (
				F5B807F10227DA2101000102,
				F5B807F20227DA2101000102,
			);
			isa = PBXGroup;
			name = Classes;
			refType = 4;
			sourceTree = "<group>";
		};
		089C165CFE840E0CC02AAC07 = {
			children = (
				089C165DFE840E0CC02AAC07,
			);
			isa = PBXVariantGroup;
			name = InfoPlist.strings;
			refType = 4;
			sourceTree = "<group>";
		};
		089C165DFE840E0CC02AAC07 = {
			fileEncoding = 10;
			isa = PBXFileReference;
			lastKnownFileType = text.plist.strings;
			name = English;
			path = English.lproj/InfoPlist.strings;
			refType = 4;
			sourceTree = "<group>";
		};
		089C165EFE840E0CC02AAC07 = {
			fileRef = 089C165CFE840E0CC02AAC07;
			isa = PBXBuildFile;
			settings = {
			};
		};
//080
//081
//082
//083
//084
//100
//101
//102
//103
//104
		1058C7A0FEA54F0111CA2CBB = {
			children = (
				1058C7A1FEA54F0111CA2CBB,
			);
			isa = PBXGroup;
			name = "Linked Frameworks";
			refType = 4;
			sourceTree = "<group>";
		};
		1058C7A1FEA54F0111CA2CBB = {
			isa = PBXFileReference;
			lastKnownFileType = wrapper.framework;
			name = Cocoa.framework;
			path = /System/Library/Frameworks/Cocoa.framework;
			refType = 0;
			sourceTree = "<absolute>";
		};
		1058C7A2FEA54F0111CA2CBB = {
			children = (
				29B97325FDCFA39411CA2CEA,
				29B97324FDCFA39411CA2CEA,
			);
			isa = PBXGroup;
			name = "Other Frameworks";
			refType = 4;
			sourceTree = "<group>";
		};
		1058C7A3FEA54F0111CA2CBB = {
			fileRef = 1058C7A1FEA54F0111CA2CBB;
			isa = PBXBuildFile;
			settings = {
			};
		};
//100
//101
//102
//103
//104
//170
//171
//172
//173
//174
		17587328FF379C6511CA2CBB = {
			explicitFileType = wrapper.application;
			isa = PBXFileReference;
			path = Wings3d.app;
			refType = 3;
			sourceTree = BUILT_PRODUCTS_DIR;
		};
//170
//171
//172
//173
//174
//190
//191
//192
//193
//194
		19C28FACFE9D520D11CA2CBB = {
			children = (
				17587328FF379C6511CA2CBB,
			);
			isa = PBXGroup;
			name = Products;
			refType = 4;
			sourceTree = "<group>";
		};
//190
//191
//192
//193
//194
//290
//291
//292
//293
//294
		29B97313FDCFA39411CA2CEA = {
			buildSettings = {
			};
			buildStyles = (
				4A9504CCFFE6A4B311CA0CBA,
				4A9504CDFFE6A4B311CA0CBA,
			);
			hasScannedForEncodings = 1;
			isa = PBXProject;
			mainGroup = 29B97314FDCFA39411CA2CEA;
			projectDirPath = "";
			targets = (
				29B97326FDCFA39411CA2CEA,
			);
		};
		29B97314FDCFA39411CA2CEA = {
			children = (
				080E96DDFE201D6D7F000001,
				29B97315FDCFA39411CA2CEA,
				29B97317FDCFA39411CA2CEA,
				29B97323FDCFA39411CA2CEA,
				19C28FACFE9D520D11CA2CBB,
			);
			isa = PBXGroup;
			name = Wings3d;
			path = "";
			refType = 4;
			sourceTree = "<group>";
		};
		29B97315FDCFA39411CA2CEA = {
			children = (
				29B97316FDCFA39411CA2CEA,
			);
			isa = PBXGroup;
			name = "Other Sources";
			path = "";
			refType = 4;
			sourceTree = "<group>";
		};
		29B97316FDCFA39411CA2CEA = {
			fileEncoding = 30;
			isa = PBXFileReference;
			lastKnownFileType = sourcecode.c.objc;
			path = main.m;
			refType = 4;
			sourceTree = "<group>";
		};
		29B97317FDCFA39411CA2CEA = {
			children = (
				4CB15CFF0489F65500A8000A,
				4CB15D000489F65500A8000A,
				4CB15D010489F65500A8000A,
				4CB15D020489F65500A8000A,
				4CB15D030489F65500A8000A,
				4CB15D040489F65500A8000A,
				4CB15D050489F65500A8000A,
				F5EEDC2902282D6701000102,
				29B97318FDCFA39411CA2CEA,
				089C165CFE840E0CC02AAC07,
			);
			isa = PBXGroup;
			name = Resources;
			path = "";
			refType = 4;
			sourceTree = "<group>";
		};
		29B97318FDCFA39411CA2CEA = {
			children = (
				29B97319FDCFA39411CA2CEA,
			);
			isa = PBXVariantGroup;
			name = Erlang.nib;
			path = "";
			refType = 4;
			sourceTree = "<group>";
		};
		29B97319FDCFA39411CA2CEA = {
			isa = PBXFileReference;
			lastKnownFileType = wrapper.nib;
			name = Erlang.nib;
			path = English.lproj/Erlang.nib;
			refType = 4;
			sourceTree = "<group>";
		};
		29B97323FDCFA39411CA2CEA = {
			children = (
				1058C7A0FEA54F0111CA2CBB,
				1058C7A2FEA54F0111CA2CBB,
			);
			isa = PBXGroup;
			name = Frameworks;
			path = "";
			refType = 4;
			sourceTree = "<group>";
		};
		29B97324FDCFA39411CA2CEA = {
			isa = PBXFileReference;
			lastKnownFileType = wrapper.framework;
			name = AppKit.framework;
			path = /System/Library/Frameworks/AppKit.framework;
			refType = 0;
			sourceTree = "<absolute>";
		};
		29B97325FDCFA39411CA2CEA = {
			isa = PBXFileReference;
			lastKnownFileType = wrapper.framework;
			name = Foundation.framework;
			path = /System/Library/Frameworks/Foundation.framework;
			refType = 0;
			sourceTree = "<absolute>";
		};
		29B97326FDCFA39411CA2CEA = {
			buildPhases = (
				29B97327FDCFA39411CA2CEA,
				F52CB4D802E82A3901A8000A,
				F52CB4DB02E8450A01A8000A,
				F52CB4DC02E84BC201A8000A,
				F52CB4DD02E84D7E01A8000A,
				F52CB4DE02E864E601A8000A,
				29B97328FDCFA39411CA2CEA,
				29B9732BFDCFA39411CA2CEA,
				29B9732DFDCFA39411CA2CEA,
			);
			buildSettings = {
				ERLANG_PATH = /usr/local/lib/erlang;
				FRAMEWORK_SEARCH_PATHS = "";
				GGC_VERSION = 3.x;
				HEADER_SEARCH_PATHS = "";
				INSTALL_PATH = "$(HOME)/Applications";
				JAVA_COMPILER_DEBUGGING_SYMBOLS = NO;
				LIBRARY_SEARCH_PATHS = "";
				OTHER_CFLAGS = "";
				OTHER_LDFLAGS = "-s";
				PRODUCT_NAME = Wings3d;
				SECTORDER_FLAGS = "";
				USE_GCC3_PFE_SUPPORT = NO;
				WARNING_CFLAGS = "-Wmost -Wno-four-char-constants -Wno-unknown-pragmas";
				WRAPPER_EXTENSION = app;
			};
			dependencies = (
			);
			isa = PBXApplicationTarget;
			name = Wings3d;
			productInstallPath = "$(HOME)/Applications";
			productName = Wings3d;
			productReference = 17587328FF379C6511CA2CBB;
			productSettingsXML = "<?xml version=\"1.0\" encoding=\"UTF-8\"?>
<!DOCTYPE plist PUBLIC \"-//Apple Computer//DTD PLIST 1.0//EN\" \"http://www.apple.com/DTDs/PropertyList-1.0.dtd\">
<plist version=\"1.0\">
<dict>
	<key>CFBundleDevelopmentRegion</key>
	<string>English</string>
	<key>CFBundleDocumentTypes</key>
	<array>
		<dict>
			<key>CFBundleTypeExtensions</key>
			<array>
				<string>wings</string>
			</array>
			<key>CFBundleTypeIconFile</key>
			<string>wings.icns</string>
			<key>CFBundleTypeName</key>
			<string>Wings 3D File</string>
			<key>CFBundleTypeRole</key>
			<string>Editor</string>
		</dict>
		<dict>
			<key>CFBundleTypeExtensions</key>
			<array>
				<string>ndo</string>
			</array>
			<key>CFBundleTypeIconFile</key>
			<string>ndo.icns</string>
			<key>CFBundleTypeName</key>
			<string>Nendo File</string>
			<key>CFBundleTypeRole</key>
			<string>None</string>
		</dict>
		<dict>
			<key>CFBundleTypeExtensions</key>
			<array>
				<string>3ds</string>
			</array>
			<key>CFBundleTypeIconFile</key>
			<string>3ds.icns</string>
			<key>CFBundleTypeName</key>
			<string>3D Studio File</string>
			<key>CFBundleTypeRole</key>
			<string>None</string>
		</dict>
		<dict>
			<key>CFBundleTypeExtensions</key>
			<array>
				<string>obj</string>
			</array>
			<key>CFBundleTypeIconFile</key>
			<string>obj.icns</string>
			<key>CFBundleTypeName</key>
			<string>Wavefront File</string>
			<key>CFBundleTypeRole</key>
			<string>None</string>
		</dict>
		<dict>
			<key>CFBundleTypeExtensions</key>
			<array>
				<string>mtl</string>
			</array>
			<key>CFBundleTypeIconFile</key>
			<string>mtl.icns</string>
			<key>CFBundleTypeName</key>
			<string>Wavefront Material File</string>
			<key>CFBundleTypeRole</key>
			<string>None</string>
		</dict>
		<dict>
			<key>CFBundleTypeExtensions</key>
			<array>
				<string>wrl</string>
			</array>
			<key>CFBundleTypeIconFile</key>
			<string>wrl.icns</string>
			<key>CFBundleTypeName</key>
			<string>VMRL 2.0 File</string>
		</dict>
	</array>
	<key>CFBundleExecutable</key>
	<string>Wings3d</string>
	<key>CFBundleIconFile</key>
	<string>wings3d.icns</string>
	<key>CFBundleInfoDictionaryVersion</key>
	<string>6.0</string>
	<key>CFBundlePackageType</key>
	<string>APPL</string>
	<key>CFBundleSignature</key>
	<string>????</string>
	<key>CFBundleVersion</key>
	<string>0.1</string>
	<key>NSMainNibFile</key>
	<string>Erlang</string>
	<key>NSPrincipalClass</key>
	<string>NSApplication</string>
</dict>
</plist>
";
		};
		29B97327FDCFA39411CA2CEA = {
			buildActionMask = 2147483647;
			files = (
				F5B807F30227DA2101000102,
			);
			isa = PBXHeadersBuildPhase;
			runOnlyForDeploymentPostprocessing = 0;
		};
		29B97328FDCFA39411CA2CEA = {
			buildActionMask = 2147483647;
			files = (
				080E96DCFE201CFB7F000001,
				089C165EFE840E0CC02AAC07,
				F5EEDC2A02282D6701000102,
				4CB15D060489F65500A8000A,
				4CB15D070489F65500A8000A,
				4CB15D080489F65500A8000A,
				4CB15D090489F65500A8000A,
				4CB15D0A0489F65500A8000A,
				4CB15D0B0489F65500A8000A,
			);
			isa = PBXResourcesBuildPhase;
			runOnlyForDeploymentPostprocessing = 0;
		};
		29B9732BFDCFA39411CA2CEA = {
			buildActionMask = 2147483647;
			files = (
				29B9732CFDCFA39411CA2CEA,
				F5B807F40227DA2101000102,
			);
			isa = PBXSourcesBuildPhase;
			runOnlyForDeploymentPostprocessing = 0;
		};
		29B9732CFDCFA39411CA2CEA = {
			fileRef = 29B97316FDCFA39411CA2CEA;
			isa = PBXBuildFile;
			settings = {
				ATTRIBUTES = (
				);
			};
		};
		29B9732DFDCFA39411CA2CEA = {
			buildActionMask = 2147483647;
			files = (
				1058C7A3FEA54F0111CA2CBB,
			);
			isa = PBXFrameworksBuildPhase;
			runOnlyForDeploymentPostprocessing = 0;
		};
//290
//291
//292
//293
//294
//4A0
//4A1
//4A2
//4A3
//4A4
		4A9504CCFFE6A4B311CA0CBA = {
			buildSettings = {
				COPY_PHASE_STRIP = NO;
				GCC_DYNAMIC_NO_PIC = NO;
				GCC_ENABLE_FIX_AND_CONTINUE = YES;
				GCC_GENERATE_DEBUGGING_SYMBOLS = YES;
				GCC_OPTIMIZATION_LEVEL = 0;
				OPTIMIZATION_CFLAGS = "-O0";
				ZERO_LINK = YES;
			};
			isa = PBXBuildStyle;
			name = Development;
		};
		4A9504CDFFE6A4B311CA0CBA = {
			buildSettings = {
				COPY_PHASE_STRIP = YES;
				GCC_ENABLE_FIX_AND_CONTINUE = NO;
				ZERO_LINK = NO;
			};
			isa = PBXBuildStyle;
			name = Deployment;
		};
//4A0
//4A1
//4A2
//4A3
//4A4
//4C0
//4C1
//4C2
//4C3
//4C4
		4CB15CFF0489F65500A8000A = {
			isa = PBXFileReference;
			lastKnownFileType = image.icns;
			path = 3ds.icns;
			refType = 4;
			sourceTree = "<group>";
		};
		4CB15D000489F65500A8000A = {
			isa = PBXFileReference;
			lastKnownFileType = image.icns;
			path = wings.icns;
			refType = 4;
			sourceTree = "<group>";
		};
		4CB15D010489F65500A8000A = {
			isa = PBXFileReference;
			lastKnownFileType = image.icns;
			path = mtl.icns;
			refType = 4;
			sourceTree = "<group>";
		};
		4CB15D020489F65500A8000A = {
			isa = PBXFileReference;
			lastKnownFileType = image.icns;
			path = obj.icns;
			refType = 4;
			sourceTree = "<group>";
		};
		4CB15D030489F65500A8000A = {
			isa = PBXFileReference;
			lastKnownFileType = image.icns;
			path = wrl.icns;
			refType = 4;
			sourceTree = "<group>";
		};
		4CB15D040489F65500A8000A = {
			isa = PBXFileReference;
			lastKnownFileType = image.icns;
			path = ndo.icns;
			refType = 4;
			sourceTree = "<group>";
		};
		4CB15D050489F65500A8000A = {
			isa = PBXFileReference;
			lastKnownFileType = image.icns;
			path = mdl.icns;
			refType = 4;
			sourceTree = "<group>";
		};
		4CB15D060489F65500A8000A = {
			fileRef = 4CB15CFF0489F65500A8000A;
			isa = PBXBuildFile;
			settings = {
			};
		};
		4CB15D070489F65500A8000A = {
			fileRef = 4CB15D000489F65500A8000A;
			isa = PBXBuildFile;
			settings = {
			};
		};
		4CB15D080489F65500A8000A = {
			fileRef = 4CB15D010489F65500A8000A;
			isa = PBXBuildFile;
			settings = {
			};
		};
		4CB15D090489F65500A8000A = {
			fileRef = 4CB15D020489F65500A8000A;
			isa = PBXBuildFile;
			settings = {
			};
		};
		4CB15D0A0489F65500A8000A = {
			fileRef = 4CB15D030489F65500A8000A;
			isa = PBXBuildFile;
			settings = {
			};
		};
		4CB15D0B0489F65500A8000A = {
			fileRef = 4CB15D040489F65500A8000A;
			isa = PBXBuildFile;
			settings = {
			};
		};
//4C0
//4C1
//4C2
//4C3
//4C4
//F50
//F51
//F52
//F53
//F54
		F52CB4D802E82A3901A8000A = {
			buildActionMask = 2147483647;
			files = (
			);
			isa = PBXShellScriptBuildPhase;
			runOnlyForDeploymentPostprocessing = 0;
			shellPath = /bin/sh;
			shellScript = "# Copy the Wings application.\nINSTALL=/usr/bin/install\nlatest_wings=`(cd ..; pwd)`\n\ndest=$SYMROOT/$TARGETNAME.app/Contents/Resources/lib/`basename $latest_wings`\n\n$INSTALL -d $dest $dest/ebin $dest/patches\n\ncd $latest_wings\n\n$INSTALL -c -m 644 README AUTHORS license.terms $dest\n$INSTALL -c -m 644 ebin/* $dest/ebin\nrm -f $dest/ebin/user_default.beam\n\n$INSTALL -d $dest/fonts \\\n $dest/plugins/accel \\\n $dest/plugins/import_export \\\n $dest/plugins/commands \\\n $dest/plugins/primitives $dest/plugins/mac_file \\\n $dest/plugins/autouv \\\n $dest/plugins/fbx \\\n $dest/plugins/default\n$INSTALL -c -m 644 fonts/* $dest/fonts\n$INSTALL -c -m 644 plugins/accel/* $dest/plugins/accel\n$INSTALL -c -m 644 plugins/default/* $dest/plugins/default\n$INSTALL -c -m 644 plugins/import_export/* $dest/plugins/import_export\n$INSTALL -c -m 644 plugins/commands/* $dest/plugins/commands\n$INSTALL -c -m 644 plugins/primitives/* $dest/plugins/primitives\n$INSTALL -c -m 644 plugins/mac_file/* $dest/plugins/mac_file\n$INSTALL -c -m 644 plugins/autouv/* $dest/plugins/autouv\n$INSTALL -c -m 644 plugins/fbx/* $dest/plugins/fbx\n\nfind $dest/plugins -name '*.so' | xargs macosx/strip_mac_driver\nfind $dest/plugins -name README | xargs rm\nrm $dest/plugins/default/wpc_test_ask.beam\n";
		};
		F52CB4DB02E8450A01A8000A = {
			buildActionMask = 2147483647;
			files = (
			);
			isa = PBXShellScriptBuildPhase;
			runOnlyForDeploymentPostprocessing = 0;
			shellPath = /bin/sh;
			shellScript = "# Copy the relevant parts of Erlang/OTP\n# into the application.\nINSTALL=/usr/bin/install\nsrc=$ERLANG_PATH\ndest=$SYMROOT/$TARGETNAME.app/Contents/Resources\nerts_src=$src/erts-*\nerts=`basename $erts_src`\nstdlib=`basename $src/lib/stdlib-*`\nkernel=`basename $src/lib/kernel-*`\n\n$INSTALL -d $dest/bin $dest/lib/$stdlib/ebin $dest/lib/$kernel/ebin\n$INSTALL -c -m 644 $src/lib/kernel-*/ebin/* $dest/lib/$kernel/ebin\n$INSTALL -c -m 644 $src/lib/stdlib-*/ebin/* $dest/lib/$stdlib/ebin\n\n../tools/wings_reduce_otp $dest\n\n$INSTALL -c -s $erts_src/bin/erlexec $dest/bin\n$INSTALL -c -s $erts_src/bin/child_setup $dest/bin\n$INSTALL -c $erts_src/bin/beam $dest/bin\n$INSTALL -c -m 644 $src/bin/start.boot $dest/bin\n\nstrip -x $dest/bin/beam\nstrip $dest/bin/erlexec\n";
		};
		F52CB4DC02E84BC201A8000A = {
			buildActionMask = 2147483647;
			files = (
			);
			isa = PBXShellScriptBuildPhase;
			runOnlyForDeploymentPostprocessing = 0;
			shellPath = /bin/sh;
			shellScript = "# Copy the relevant parts of ESDL into the application.\nINSTALL=/usr/bin/install\nsrc=$ERLANG_PATH\ndest=$SYMROOT/$TARGETNAME.app/Contents/Resources/lib/`basename $ESDL_PATH`\n\n$INSTALL -d $dest/ebin $dest/priv\n$INSTALL -c -m 644  $ESDL_PATH/ebin/* $dest/ebin\n$INSTALL -c -m 644  $ESDL_PATH/priv/sdl_driver.so $dest/priv\n./strip_mac_driver $dest/priv/sdl_driver.so\n";
		};
		F52CB4DD02E84D7E01A8000A = {
			buildActionMask = 2147483647;
			files = (
			);
			isa = PBXShellScriptBuildPhase;
			runOnlyForDeploymentPostprocessing = 0;
			shellPath = /bin/sh;
			shellScript = "# Copy the SDL framework.\nINSTALL=/usr/bin/install\ndest=$SYMROOT/$TARGETNAME.app/Contents/Resources/Frameworks\n\n$INSTALL -d $dest\n\nfor i in \"/Library/Frameworks\" \"$HOME/Library/Frameworks\"; do\n    if [ -d $i/SDL.framework ]; then\n        sdl_framework=$i/SDL.framework\n    fi\ndone\nif [ -d $dest/SDL.framework ]; then\n    rm -rf $dest/SDL.framework\nfi\ncp -r $sdl_framework $dest/SDL.framework\nif [ -d $dest/SDL.framework/Headers ]; then\n    rm -rf $dest/SDL.framework/Headers\nfi\nfor i in $dest/SDL.framework/Versions/*; do\n    if [ -d $i/Headers ]; then\n        rm -rf $i/Headers\n    fi\ndone\n\nstrip -x $dest/SDL.framework/SDL\n";
		};
		F52CB4DE02E864E601A8000A = {
			buildActionMask = 2147483647;
			files = (
			);
			isa = PBXShellScriptBuildPhase;
			runOnlyForDeploymentPostprocessing = 0;
			shellPath = /bin/sh;
			shellScript = "# Strip debug information from all beam files.\ntemp=$OBJROOT\ndest=$SYMROOT/$TARGETNAME.app/Contents/Resources\n\nerlc -o $temp ../tools/strip.erl\n(cd $dest; erl -noshell -pa $temp -run strip strip)\n";
		};
		F5B807F10227DA2101000102 = {
			fileEncoding = 30;
			isa = PBXFileReference;
			lastKnownFileType = sourcecode.c.h;
			path = MyController.h;
			refType = 4;
			sourceTree = "<group>";
		};
		F5B807F20227DA2101000102 = {
			fileEncoding = 30;
			isa = PBXFileReference;
			lastKnownFileType = sourcecode.c.objc;
			path = MyController.m;
			refType = 4;
			sourceTree = "<group>";
		};
		F5B807F30227DA2101000102 = {
			fileRef = F5B807F10227DA2101000102;
			isa = PBXBuildFile;
			settings = {
			};
		};
		F5B807F40227DA2101000102 = {
			fileRef = F5B807F20227DA2101000102;
			isa = PBXBuildFile;
			settings = {
			};
		};
		F5EEDC2902282D6701000102 = {
			isa = PBXFileReference;
			lastKnownFileType = image.icns;
			path = wings3d.icns;
			refType = 4;
			sourceTree = "<group>";
		};
		F5EEDC2A02282D6701000102 = {
			fileRef = F5EEDC2902282D6701000102;
			isa = PBXBuildFile;
			settings = {
			};
		};
	};
	rootObject = 29B97313FDCFA39411CA2CEA;
}
